// !$*UTF8*$!
{
	archiveVersion = 1;
	classes = {
	};
	objectVersion = 77;
	objects = {

/* Begin PBXContainerItemProxy section */
		A2CD308C2DCAAEBD008A4F71 /* PBXContainerItemProxy */ = {
			isa = PBXContainerItemProxy;
			containerPortal = A2CD30742DCAAEBC008A4F71 /* Project object */;
			proxyType = 1;
			remoteGlobalIDString = A2CD307B2DCAAEBC008A4F71;
			remoteInfo = RestaurantChooser;
		};
		A2CD30962DCAAEBD008A4F71 /* PBXContainerItemProxy */ = {
			isa = PBXContainerItemProxy;
			containerPortal = A2CD30742DCAAEBC008A4F71 /* Project object */;
			proxyType = 1;
			remoteGlobalIDString = A2CD307B2DCAAEBC008A4F71;
			remoteInfo = RestaurantChooser;
		};
/* End PBXContainerItemProxy section */

/* Begin PBXFileReference section */
		A2CD307C2DCAAEBC008A4F71 /* RestaurantChooser.app */ = {isa = PBXFileReference; explicitFileType = wrapper.application; includeInIndex = 0; path = RestaurantChooser.app; sourceTree = BUILT_PRODUCTS_DIR; };
		A2CD308B2DCAAEBD008A4F71 /* RestaurantChooserTests.xctest */ = {isa = PBXFileReference; explicitFileType = wrapper.cfbundle; includeInIndex = 0; path = RestaurantChooserTests.xctest; sourceTree = BUILT_PRODUCTS_DIR; };
		A2CD30952DCAAEBD008A4F71 /* RestaurantChooserUITests.xctest */ = {isa = PBXFileReference; explicitFileType = wrapper.cfbundle; includeInIndex = 0; path = RestaurantChooserUITests.xctest; sourceTree = BUILT_PRODUCTS_DIR; };
/* End PBXFileReference section */

/* Begin PBXFileSystemSynchronizedRootGroup section */
		A2CD307E2DCAAEBC008A4F71 /* RestaurantChooser */ = {
			isa = PBXFileSystemSynchronizedRootGroup;
			path = RestaurantChooser;
			sourceTree = "<group>";
		};
		A2CD308E2DCAAEBD008A4F71 /* RestaurantChooserTests */ = {
			isa = PBXFileSystemSynchronizedRootGroup;
			path = RestaurantChooserTests;
			sourceTree = "<group>";
		};
		A2CD30982DCAAEBD008A4F71 /* RestaurantChooserUITests */ = {
			isa = PBXFileSystemSynchronizedRootGroup;
			path = RestaurantChooserUITests;
			sourceTree = "<group>";
		};
/* End PBXFileSystemSynchronizedRootGroup section */

/* Begin PBXFrameworksBuildPhase section */
		A2CD30792DCAAEBC008A4F71 /* Frameworks */ = {
			isa = PBXFrameworksBuildPhase;
			buildActionMask = 2147483647;
			files = (
			);
			runOnlyForDeploymentPostprocessing = 0;
		};
		A2CD30882DCAAEBD008A4F71 /* Frameworks */ = {
			isa = PBXFrameworksBuildPhase;
			buildActionMask = 2147483647;
			files = (
			);
			runOnlyForDeploymentPostprocessing = 0;
		};
		A2CD30922DCAAEBD008A4F71 /* Frameworks */ = {
			isa = PBXFrameworksBuildPhase;
			buildActionMask = 2147483647;
			files = (
			);
			runOnlyForDeploymentPostprocessing = 0;
		};
/* End PBXFrameworksBuildPhase section */

/* Begin PBXGroup section */
		A2CD30732DCAAEBC008A4F71 = {
			isa = PBXGroup;
			children = (
				A2CD307E2DCAAEBC008A4F71 /* RestaurantChooser */,
				A2CD308E2DCAAEBD008A4F71 /* RestaurantChooserTests */,
				A2CD30982DCAAEBD008A4F71 /* RestaurantChooserUITests */,
				A2CD307D2DCAAEBC008A4F71 /* Products */,
			);
			sourceTree = "<group>";
		};
		A2CD307D2DCAAEBC008A4F71 /* Products */ = {
			isa = PBXGroup;
			children = (
				A2CD307C2DCAAEBC008A4F71 /* RestaurantChooser.app */,
				A2CD308B2DCAAEBD008A4F71 /* RestaurantChooserTests.xctest */,
				A2CD30952DCAAEBD008A4F71 /* RestaurantChooserUITests.xctest */,
			);
			name = Products;
			sourceTree = "<group>";
		};
/* End PBXGroup section */

/* Begin PBXNativeTarget section */
		A2CD307B2DCAAEBC008A4F71 /* RestaurantChooser */ = {
			isa = PBXNativeTarget;
			buildConfigurationList = A2CD309F2DCAAEBD008A4F71 /* Build configuration list for PBXNativeTarget "RestaurantChooser" */;
			buildPhases = (
				A2CD30782DCAAEBC008A4F71 /* Sources */,
				A2CD30792DCAAEBC008A4F71 /* Frameworks */,
				A2CD307A2DCAAEBC008A4F71 /* Resources */,
			);
			buildRules = (
			);
			dependencies = (
			);
			fileSystemSynchronizedGroups = (
				A2CD307E2DCAAEBC008A4F71 /* RestaurantChooser */,
			);
			name = RestaurantChooser;
			packageProductDependencies = (
			);
			productName = RestaurantChooser;
			productReference = A2CD307C2DCAAEBC008A4F71 /* RestaurantChooser.app */;
			productType = "com.apple.product-type.application";
		};
		A2CD308A2DCAAEBD008A4F71 /* RestaurantChooserTests */ = {
			isa = PBXNativeTarget;
			buildConfigurationList = A2CD30A22DCAAEBD008A4F71 /* Build configuration list for PBXNativeTarget "RestaurantChooserTests" */;
			buildPhases = (
				A2CD30872DCAAEBD008A4F71 /* Sources */,
				A2CD30882DCAAEBD008A4F71 /* Frameworks */,
				A2CD30892DCAAEBD008A4F71 /* Resources */,
			);
			buildRules = (
			);
			dependencies = (
				A2CD308D2DCAAEBD008A4F71 /* PBXTargetDependency */,
			);
			fileSystemSynchronizedGroups = (
				A2CD308E2DCAAEBD008A4F71 /* RestaurantChooserTests */,
			);
			name = RestaurantChooserTests;
			packageProductDependencies = (
			);
			productName = RestaurantChooserTests;
			productReference = A2CD308B2DCAAEBD008A4F71 /* RestaurantChooserTests.xctest */;
			productType = "com.apple.product-type.bundle.unit-test";
		};
		A2CD30942DCAAEBD008A4F71 /* RestaurantChooserUITests */ = {
			isa = PBXNativeTarget;
			buildConfigurationList = A2CD30A52DCAAEBD008A4F71 /* Build configuration list for PBXNativeTarget "RestaurantChooserUITests" */;
			buildPhases = (
				A2CD30912DCAAEBD008A4F71 /* Sources */,
				A2CD30922DCAAEBD008A4F71 /* Frameworks */,
				A2CD30932DCAAEBD008A4F71 /* Resources */,
			);
			buildRules = (
			);
			dependencies = (
				A2CD30972DCAAEBD008A4F71 /* PBXTargetDependency */,
			);
			fileSystemSynchronizedGroups = (
				A2CD30982DCAAEBD008A4F71 /* RestaurantChooserUITests */,
			);
			name = RestaurantChooserUITests;
			packageProductDependencies = (
			);
			productName = RestaurantChooserUITests;
			productReference = A2CD30952DCAAEBD008A4F71 /* RestaurantChooserUITests.xctest */;
			productType = "com.apple.product-type.bundle.ui-testing";
		};
/* End PBXNativeTarget section */

/* Begin PBXProject section */
		A2CD30742DCAAEBC008A4F71 /* Project object */ = {
			isa = PBXProject;
			attributes = {
				BuildIndependentTargetsInParallel = 1;
				LastSwiftUpdateCheck = 1630;
				LastUpgradeCheck = 1630;
				TargetAttributes = {
					A2CD307B2DCAAEBC008A4F71 = {
						CreatedOnToolsVersion = 16.3;
					};
					A2CD308A2DCAAEBD008A4F71 = {
						CreatedOnToolsVersion = 16.3;
						TestTargetID = A2CD307B2DCAAEBC008A4F71;
					};
					A2CD30942DCAAEBD008A4F71 = {
						CreatedOnToolsVersion = 16.3;
						TestTargetID = A2CD307B2DCAAEBC008A4F71;
					};
				};
			};
			buildConfigurationList = A2CD30772DCAAEBC008A4F71 /* Build configuration list for PBXProject "RestaurantChooser" */;
			developmentRegion = en;
			hasScannedForEncodings = 0;
			knownRegions = (
				en,
				Base,
			);
			mainGroup = A2CD30732DCAAEBC008A4F71;
			minimizedProjectReferenceProxies = 1;
			preferredProjectObjectVersion = 77;
			productRefGroup = A2CD307D2DCAAEBC008A4F71 /* Products */;
			projectDirPath = "";
			projectRoot = "";
			targets = (
				A2CD307B2DCAAEBC008A4F71 /* RestaurantChooser */,
				A2CD308A2DCAAEBD008A4F71 /* RestaurantChooserTests */,
				A2CD30942DCAAEBD008A4F71 /* RestaurantChooserUITests */,
			);
		};
/* End PBXProject section */

/* Begin PBXResourcesBuildPhase section */
		A2CD307A2DCAAEBC008A4F71 /* Resources */ = {
			isa = PBXResourcesBuildPhase;
			buildActionMask = 2147483647;
			files = (
			);
			runOnlyForDeploymentPostprocessing = 0;
		};
		A2CD30892DCAAEBD008A4F71 /* Resources */ = {
			isa = PBXResourcesBuildPhase;
			buildActionMask = 2147483647;
			files = (
			);
			runOnlyForDeploymentPostprocessing = 0;
		};
		A2CD30932DCAAEBD008A4F71 /* Resources */ = {
			isa = PBXResourcesBuildPhase;
			buildActionMask = 2147483647;
			files = (
			);
			runOnlyForDeploymentPostprocessing = 0;
		};
/* End PBXResourcesBuildPhase section */

/* Begin PBXSourcesBuildPhase section */
		A2CD30782DCAAEBC008A4F71 /* Sources */ = {
			isa = PBXSourcesBuildPhase;
			buildActionMask = 2147483647;
			files = (
			);
			runOnlyForDeploymentPostprocessing = 0;
		};
		A2CD30872DCAAEBD008A4F71 /* Sources */ = {
			isa = PBXSourcesBuildPhase;
			buildActionMask = 2147483647;
			files = (
			);
			runOnlyForDeploymentPostprocessing = 0;
		};
		A2CD30912DCAAEBD008A4F71 /* Sources */ = {
			isa = PBXSourcesBuildPhase;
			buildActionMask = 2147483647;
			files = (
			);
			runOnlyForDeploymentPostprocessing = 0;
		};
/* End PBXSourcesBuildPhase section */

/* Begin PBXTargetDependency section */
		A2CD308D2DCAAEBD008A4F71 /* PBXTargetDependency */ = {
			isa = PBXTargetDependency;
			target = A2CD307B2DCAAEBC008A4F71 /* RestaurantChooser */;
			targetProxy = A2CD308C2DCAAEBD008A4F71 /* PBXContainerItemProxy */;
		};
		A2CD30972DCAAEBD008A4F71 /* PBXTargetDependency */ = {
			isa = PBXTargetDependency;
			target = A2CD307B2DCAAEBC008A4F71 /* RestaurantChooser */;
			targetProxy = A2CD30962DCAAEBD008A4F71 /* PBXContainerItemProxy */;
		};
/* End PBXTargetDependency section */

/* Begin XCBuildConfiguration section */
		A2CD309D2DCAAEBD008A4F71 /* Debug */ = {
			isa = XCBuildConfiguration;
			buildSettings = {
				ALWAYS_SEARCH_USER_PATHS = NO;
				ASSETCATALOG_COMPILER_GENERATE_SWIFT_ASSET_SYMBOL_EXTENSIONS = YES;
				CLANG_ANALYZER_NONNULL = YES;
				CLANG_ANALYZER_NUMBER_OBJECT_CONVERSION = YES_AGGRESSIVE;
				CLANG_CXX_LANGUAGE_STANDARD = "gnu++20";
				CLANG_ENABLE_MODULES = YES;
				CLANG_ENABLE_OBJC_ARC = YES;
				CLANG_ENABLE_OBJC_WEAK = YES;
				CLANG_WARN_BLOCK_CAPTURE_AUTORELEASING = YES;
				CLANG_WARN_BOOL_CONVERSION = YES;
				CLANG_WARN_COMMA = YES;
				CLANG_WARN_CONSTANT_CONVERSION = YES;
				CLANG_WARN_DEPRECATED_OBJC_IMPLEMENTATIONS = YES;
				CLANG_WARN_DIRECT_OBJC_ISA_USAGE = YES_ERROR;
				CLANG_WARN_DOCUMENTATION_COMMENTS = YES;
				CLANG_WARN_EMPTY_BODY = YES;
				CLANG_WARN_ENUM_CONVERSION = YES;
				CLANG_WARN_INFINITE_RECURSION = YES;
				CLANG_WARN_INT_CONVERSION = YES;
				CLANG_WARN_NON_LITERAL_NULL_CONVERSION = YES;
				CLANG_WARN_OBJC_IMPLICIT_RETAIN_SELF = YES;
				CLANG_WARN_OBJC_LITERAL_CONVERSION = YES;
				CLANG_WARN_OBJC_ROOT_CLASS = YES_ERROR;
				CLANG_WARN_QUOTED_INCLUDE_IN_FRAMEWORK_HEADER = YES;
				CLANG_WARN_RANGE_LOOP_ANALYSIS = YES;
				CLANG_WARN_STRICT_PROTOTYPES = YES;
				CLANG_WARN_SUSPICIOUS_MOVE = YES;
				CLANG_WARN_UNGUARDED_AVAILABILITY = YES_AGGRESSIVE;
				CLANG_WARN_UNREACHABLE_CODE = YES;
				CLANG_WARN__DUPLICATE_METHOD_MATCH = YES;
				COPY_PHASE_STRIP = NO;
				DEBUG_INFORMATION_FORMAT = dwarf;
				ENABLE_STRICT_OBJC_MSGSEND = YES;
				ENABLE_TESTABILITY = YES;
				ENABLE_USER_SCRIPT_SANDBOXING = YES;
				GCC_C_LANGUAGE_STANDARD = gnu17;
				GCC_DYNAMIC_NO_PIC = NO;
				GCC_NO_COMMON_BLOCKS = YES;
				GCC_OPTIMIZATION_LEVEL = 0;
				GCC_PREPROCESSOR_DEFINITIONS = (
					"DEBUG=1",
					"$(inherited)",
				);
				GCC_WARN_64_TO_32_BIT_CONVERSION = YES;
				GCC_WARN_ABOUT_RETURN_TYPE = YES_ERROR;
				GCC_WARN_UNDECLARED_SELECTOR = YES;
				GCC_WARN_UNINITIALIZED_AUTOS = YES_AGGRESSIVE;
				GCC_WARN_UNUSED_FUNCTION = YES;
				GCC_WARN_UNUSED_VARIABLE = YES;
				IPHONEOS_DEPLOYMENT_TARGET = 18.4;
				LOCALIZATION_PREFERS_STRING_CATALOGS = YES;
				MTL_ENABLE_DEBUG_INFO = INCLUDE_SOURCE;
				MTL_FAST_MATH = YES;
				ONLY_ACTIVE_ARCH = YES;
				SDKROOT = iphoneos;
				SWIFT_ACTIVE_COMPILATION_CONDITIONS = "DEBUG $(inherited)";
				SWIFT_OPTIMIZATION_LEVEL = "-Onone";
			};
			name = Debug;
		};
		A2CD309E2DCAAEBD008A4F71 /* Release */ = {
			isa = XCBuildConfiguration;
			buildSettings = {
				ALWAYS_SEARCH_USER_PATHS = NO;
				ASSETCATALOG_COMPILER_GENERATE_SWIFT_ASSET_SYMBOL_EXTENSIONS = YES;
				CLANG_ANALYZER_NONNULL = YES;
				CLANG_ANALYZER_NUMBER_OBJECT_CONVERSION = YES_AGGRESSIVE;
				CLANG_CXX_LANGUAGE_STANDARD = "gnu++20";
				CLANG_ENABLE_MODULES = YES;
				CLANG_ENABLE_OBJC_ARC = YES;
				CLANG_ENABLE_OBJC_WEAK = YES;
				CLANG_WARN_BLOCK_CAPTURE_AUTORELEASING = YES;
				CLANG_WARN_BOOL_CONVERSION = YES;
				CLANG_WARN_COMMA = YES;
				CLANG_WARN_CONSTANT_CONVERSION = YES;
				CLANG_WARN_DEPRECATED_OBJC_IMPLEMENTATIONS = YES;
				CLANG_WARN_DIRECT_OBJC_ISA_USAGE = YES_ERROR;
				CLANG_WARN_DOCUMENTATION_COMMENTS = YES;
				CLANG_WARN_EMPTY_BODY = YES;
				CLANG_WARN_ENUM_CONVERSION = YES;
				CLANG_WARN_INFINITE_RECURSION = YES;
				CLANG_WARN_INT_CONVERSION = YES;
				CLANG_WARN_NON_LITERAL_NULL_CONVERSION = YES;
				CLANG_WARN_OBJC_IMPLICIT_RETAIN_SELF = YES;
				CLANG_WARN_OBJC_LITERAL_CONVERSION = YES;
				CLANG_WARN_OBJC_ROOT_CLASS = YES_ERROR;
				CLANG_WARN_QUOTED_INCLUDE_IN_FRAMEWORK_HEADER = YES;
				CLANG_WARN_RANGE_LOOP_ANALYSIS = YES;
				CLANG_WARN_STRICT_PROTOTYPES = YES;
				CLANG_WARN_SUSPICIOUS_MOVE = YES;
				CLANG_WARN_UNGUARDED_AVAILABILITY = YES_AGGRESSIVE;
				CLANG_WARN_UNREACHABLE_CODE = YES;
				CLANG_WARN__DUPLICATE_METHOD_MATCH = YES;
				COPY_PHASE_STRIP = NO;
				DEBUG_INFORMATION_FORMAT = "dwarf-with-dsym";
				ENABLE_NS_ASSERTIONS = NO;
				ENABLE_STRICT_OBJC_MSGSEND = YES;
				ENABLE_USER_SCRIPT_SANDBOXING = YES;
				GCC_C_LANGUAGE_STANDARD = gnu17;
				GCC_NO_COMMON_BLOCKS = YES;
				GCC_WARN_64_TO_32_BIT_CONVERSION = YES;
				GCC_WARN_ABOUT_RETURN_TYPE = YES_ERROR;
				GCC_WARN_UNDECLARED_SELECTOR = YES;
				GCC_WARN_UNINITIALIZED_AUTOS = YES_AGGRESSIVE;
				GCC_WARN_UNUSED_FUNCTION = YES;
				GCC_WARN_UNUSED_VARIABLE = YES;
				IPHONEOS_DEPLOYMENT_TARGET = 18.4;
				LOCALIZATION_PREFERS_STRING_CATALOGS = YES;
				MTL_ENABLE_DEBUG_INFO = NO;
				MTL_FAST_MATH = YES;
				SDKROOT = iphoneos;
				SWIFT_COMPILATION_MODE = wholemodule;
				VALIDATE_PRODUCT = YES;
			};
			name = Release;
		};
		A2CD30A02DCAAEBD008A4F71 /* Debug */ = {
			isa = XCBuildConfiguration;
			buildSettings = {
				ASSETCATALOG_COMPILER_APPICON_NAME = AppIcon;
				ASSETCATALOG_COMPILER_GLOBAL_ACCENT_COLOR_NAME = AccentColor;
				CODE_SIGN_STYLE = Automatic;
				CURRENT_PROJECT_VERSION = 1;
				DEVELOPMENT_TEAM = 3LTBVWHQ32;
				ENABLE_PREVIEWS = YES;
				GENERATE_INFOPLIST_FILE = YES;
				INFOPLIST_KEY_NSLocationWhenInUseUsageDescription = "We need your location to find nearby restaurants.";
				INFOPLIST_KEY_UIApplicationSceneManifest_Generation = YES;
				INFOPLIST_KEY_UIApplicationSupportsIndirectInputEvents = YES;
				INFOPLIST_KEY_UILaunchScreen_Generation = YES;
				INFOPLIST_KEY_UISupportedInterfaceOrientations_iPad = "UIInterfaceOrientationPortrait UIInterfaceOrientationPortraitUpsideDown UIInterfaceOrientationLandscapeLeft UIInterfaceOrientationLandscapeRight";
				INFOPLIST_KEY_UISupportedInterfaceOrientations_iPhone = "UIInterfaceOrientationPortrait UIInterfaceOrientationLandscapeLeft UIInterfaceOrientationLandscapeRight";
				LD_RUNPATH_SEARCH_PATHS = (
					"$(inherited)",
					"@executable_path/Frameworks",
				);
				MARKETING_VERSION = 1.0;
				PRODUCT_BUNDLE_IDENTIFIER = com.rfitz33.RestaurantChooser;
				PRODUCT_NAME = "$(TARGET_NAME)";
				SWIFT_EMIT_LOC_STRINGS = YES;
				SWIFT_VERSION = 5.0;
				TARGETED_DEVICE_FAMILY = "1,2";
			};
			name = Debug;
		};
		A2CD30A12DCAAEBD008A4F71 /* Release */ = {
			isa = XCBuildConfiguration;
			buildSettings = {
				ASSETCATALOG_COMPILER_APPICON_NAME = AppIcon;
				ASSETCATALOG_COMPILER_GLOBAL_ACCENT_COLOR_NAME = AccentColor;
				CODE_SIGN_STYLE = Automatic;
				CURRENT_PROJECT_VERSION = 1;
				DEVELOPMENT_TEAM = 3LTBVWHQ32;
				ENABLE_PREVIEWS = YES;
				GENERATE_INFOPLIST_FILE = YES;
				INFOPLIST_KEY_NSLocationWhenInUseUsageDescription = "We need your location to find nearby restaurants.";
				INFOPLIST_KEY_UIApplicationSceneManifest_Generation = YES;
				INFOPLIST_KEY_UIApplicationSupportsIndirectInputEvents = YES;
				INFOPLIST_KEY_UILaunchScreen_Generation = YES;
				INFOPLIST_KEY_UISupportedInterfaceOrientations_iPad = "UIInterfaceOrientationPortrait UIInterfaceOrientationPortraitUpsideDown UIInterfaceOrientationLandscapeLeft UIInterfaceOrientationLandscapeRight";
				INFOPLIST_KEY_UISupportedInterfaceOrientations_iPhone = "UIInterfaceOrientationPortrait UIInterfaceOrientationLandscapeLeft UIInterfaceOrientationLandscapeRight";
				LD_RUNPATH_SEARCH_PATHS = (
					"$(inherited)",
					"@executable_path/Frameworks",
				);
				MARKETING_VERSION = 1.0;
				PRODUCT_BUNDLE_IDENTIFIER = com.rfitz33.RestaurantChooser;
				PRODUCT_NAME = "$(TARGET_NAME)";
				SWIFT_EMIT_LOC_STRINGS = YES;
				SWIFT_VERSION = 5.0;
				TARGETED_DEVICE_FAMILY = "1,2";
			};
			name = Release;
		};
		A2CD30A32DCAAEBD008A4F71 /* Debug */ = {
			isa = XCBuildConfiguration;
			buildSettings = {
				BUNDLE_LOADER = "$(TEST_HOST)";
				CODE_SIGN_STYLE = Automatic;
				CURRENT_PROJECT_VERSION = 1;
				GENERATE_INFOPLIST_FILE = YES;
				IPHONEOS_DEPLOYMENT_TARGET = 18.4;
				MARKETING_VERSION = 1.0;
				PRODUCT_BUNDLE_IDENTIFIER = com.rfitz33.RestaurantChooserTests;
				PRODUCT_NAME = "$(TARGET_NAME)";
				SWIFT_EMIT_LOC_STRINGS = NO;
				SWIFT_VERSION = 5.0;
				TARGETED_DEVICE_FAMILY = "1,2";
				TEST_HOST = "$(BUILT_PRODUCTS_DIR)/RestaurantChooser.app/$(BUNDLE_EXECUTABLE_FOLDER_PATH)/RestaurantChooser";
			};
			name = Debug;
		};
		A2CD30A42DCAAEBD008A4F71 /* Release */ = {
			isa = XCBuildConfiguration;
			buildSettings = {
				BUNDLE_LOADER = "$(TEST_HOST)";
				CODE_SIGN_STYLE = Automatic;
				CURRENT_PROJECT_VERSION = 1;
				GENERATE_INFOPLIST_FILE = YES;
				IPHONEOS_DEPLOYMENT_TARGET = 18.4;
				MARKETING_VERSION = 1.0;
				PRODUCT_BUNDLE_IDENTIFIER = com.rfitz33.RestaurantChooserTests;
				PRODUCT_NAME = "$(TARGET_NAME)";
				SWIFT_EMIT_LOC_STRINGS = NO;
				SWIFT_VERSION = 5.0;
				TARGETED_DEVICE_FAMILY = "1,2";
				TEST_HOST = "$(BUILT_PRODUCTS_DIR)/RestaurantChooser.app/$(BUNDLE_EXECUTABLE_FOLDER_PATH)/RestaurantChooser";
			};
			name = Release;
		};
		A2CD30A62DCAAEBD008A4F71 /* Debug */ = {
			isa = XCBuildConfiguration;
			buildSettings = {
				CODE_SIGN_STYLE = Automatic;
				CURRENT_PROJECT_VERSION = 1;
				GENERATE_INFOPLIST_FILE = YES;
				MARKETING_VERSION = 1.0;
				PRODUCT_BUNDLE_IDENTIFIER = com.rfitz33.RestaurantChooserUITests;
				PRODUCT_NAME = "$(TARGET_NAME)";
				SWIFT_EMIT_LOC_STRINGS = NO;
				SWIFT_VERSION = 5.0;
				TARGETED_DEVICE_FAMILY = "1,2";
				TEST_TARGET_NAME = RestaurantChooser;
			};
			name = Debug;
		};
		A2CD30A72DCAAEBD008A4F71 /* Release */ = {
			isa = XCBuildConfiguration;
			buildSettings = {
				CODE_SIGN_STYLE = Automatic;
				CURRENT_PROJECT_VERSION = 1;
				GENERATE_INFOPLIST_FILE = YES;
				MARKETING_VERSION = 1.0;
				PRODUCT_BUNDLE_IDENTIFIER = com.rfitz33.RestaurantChooserUITests;
				PRODUCT_NAME = "$(TARGET_NAME)";
				SWIFT_EMIT_LOC_STRINGS = NO;
				SWIFT_VERSION = 5.0;
				TARGETED_DEVICE_FAMILY = "1,2";
				TEST_TARGET_NAME = RestaurantChooser;
			};
			name = Release;
		};
/* End XCBuildConfiguration section */

/* Begin XCConfigurationList section */
		A2CD30772DCAAEBC008A4F71 /* Build configuration list for PBXProject "RestaurantChooser" */ = {
			isa = XCConfigurationList;
			buildConfigurations = (
				A2CD309D2DCAAEBD008A4F71 /* Debug */,
				A2CD309E2DCAAEBD008A4F71 /* Release */,
			);
			defaultConfigurationIsVisible = 0;
			defaultConfigurationName = Release;
		};
		A2CD309F2DCAAEBD008A4F71 /* Build configuration list for PBXNativeTarget "RestaurantChooser" */ = {
			isa = XCConfigurationList;
			buildConfigurations = (
				A2CD30A02DCAAEBD008A4F71 /* Debug */,
				A2CD30A12DCAAEBD008A4F71 /* Release */,
			);
			defaultConfigurationIsVisible = 0;
			defaultConfigurationName = Release;
		};
		A2CD30A22DCAAEBD008A4F71 /* Build configuration list for PBXNativeTarget "RestaurantChooserTests" */ = {
			isa = XCConfigurationList;
			buildConfigurations = (
				A2CD30A32DCAAEBD008A4F71 /* Debug */,
				A2CD30A42DCAAEBD008A4F71 /* Release */,
			);
			defaultConfigurationIsVisible = 0;
			defaultConfigurationName = Release;
		};
		A2CD30A52DCAAEBD008A4F71 /* Build configuration list for PBXNativeTarget "RestaurantChooserUITests" */ = {
			isa = XCConfigurationList;
			buildConfigurations = (
				A2CD30A62DCAAEBD008A4F71 /* Debug */,
				A2CD30A72DCAAEBD008A4F71 /* Release */,
			);
			defaultConfigurationIsVisible = 0;
			defaultConfigurationName = Release;
		};
/* End XCConfigurationList section */
	};
	rootObject = A2CD30742DCAAEBC008A4F71 /* Project object */;
}
