// !$*UTF8*$!
{
	archiveVersion = 1;
	classes = {
	};
	objectVersion = 77;
	objects = {

/* Begin PBXContainerItemProxy section */
		A2FBF5C92DE2EBA80032732D /* PBXContainerItemProxy */ = {
			isa = PBXContainerItemProxy;
			containerPortal = A2FBF5B12DE2EBA60032732D /* Project object */;
			proxyType = 1;
			remoteGlobalIDString = A2FBF5B82DE2EBA60032732D;
			remoteInfo = WorkOutputTracker;
		};
		A2FBF5D32DE2EBA80032732D /* PBXContainerItemProxy */ = {
			isa = PBXContainerItemProxy;
			containerPortal = A2FBF5B12DE2EBA60032732D /* Project object */;
			proxyType = 1;
			remoteGlobalIDString = A2FBF5B82DE2EBA60032732D;
			remoteInfo = WorkOutputTracker;
		};
/* End PBXContainerItemProxy section */

/* Begin PBXFileReference section */
		A2FBF5B92DE2EBA60032732D /* WorkOutputTracker.app */ = {isa = PBXFileReference; explicitFileType = wrapper.application; includeInIndex = 0; path = WorkOutputTracker.app; sourceTree = BUILT_PRODUCTS_DIR; };
		A2FBF5C82DE2EBA80032732D /* WorkOutputTrackerTests.xctest */ = {isa = PBXFileReference; explicitFileType = wrapper.cfbundle; includeInIndex = 0; path = WorkOutputTrackerTests.xctest; sourceTree = BUILT_PRODUCTS_DIR; };
		A2FBF5D22DE2EBA80032732D /* WorkOutputTrackerUITests.xctest */ = {isa = PBXFileReference; explicitFileType = wrapper.cfbundle; includeInIndex = 0; path = WorkOutputTrackerUITests.xctest; sourceTree = BUILT_PRODUCTS_DIR; };
/* End PBXFileReference section */

/* Begin PBXFileSystemSynchronizedRootGroup section */
		A2FBF5BB2DE2EBA60032732D /* WorkOutputTracker */ = {
			isa = PBXFileSystemSynchronizedRootGroup;
			path = WorkOutputTracker;
			sourceTree = "<group>";
		};
		A2FBF5CB2DE2EBA80032732D /* WorkOutputTrackerTests */ = {
			isa = PBXFileSystemSynchronizedRootGroup;
			path = WorkOutputTrackerTests;
			sourceTree = "<group>";
		};
		A2FBF5D52DE2EBA80032732D /* WorkOutputTrackerUITests */ = {
			isa = PBXFileSystemSynchronizedRootGroup;
			path = WorkOutputTrackerUITests;
			sourceTree = "<group>";
		};
/* End PBXFileSystemSynchronizedRootGroup section */

/* Begin PBXFrameworksBuildPhase section */
		A2FBF5B62DE2EBA60032732D /* Frameworks */ = {
			isa = PBXFrameworksBuildPhase;
			buildActionMask = 2147483647;
			files = (
			);
			runOnlyForDeploymentPostprocessing = 0;
		};
		A2FBF5C52DE2EBA80032732D /* Frameworks */ = {
			isa = PBXFrameworksBuildPhase;
			buildActionMask = 2147483647;
			files = (
			);
			runOnlyForDeploymentPostprocessing = 0;
		};
		A2FBF5CF2DE2EBA80032732D /* Frameworks */ = {
			isa = PBXFrameworksBuildPhase;
			buildActionMask = 2147483647;
			files = (
			);
			runOnlyForDeploymentPostprocessing = 0;
		};
/* End PBXFrameworksBuildPhase section */

/* Begin PBXGroup section */
		A2FBF5B02DE2EBA60032732D = {
			isa = PBXGroup;
			children = (
				A2FBF5BB2DE2EBA60032732D /* WorkOutputTracker */,
				A2FBF5CB2DE2EBA80032732D /* WorkOutputTrackerTests */,
				A2FBF5D52DE2EBA80032732D /* WorkOutputTrackerUITests */,
				A2FBF5BA2DE2EBA60032732D /* Products */,
			);
			sourceTree = "<group>";
		};
		A2FBF5BA2DE2EBA60032732D /* Products */ = {
			isa = PBXGroup;
			children = (
				A2FBF5B92DE2EBA60032732D /* WorkOutputTracker.app */,
				A2FBF5C82DE2EBA80032732D /* WorkOutputTrackerTests.xctest */,
				A2FBF5D22DE2EBA80032732D /* WorkOutputTrackerUITests.xctest */,
			);
			name = Products;
			sourceTree = "<group>";
		};
/* End PBXGroup section */

/* Begin PBXNativeTarget section */
		A2FBF5B82DE2EBA60032732D /* WorkOutputTracker */ = {
			isa = PBXNativeTarget;
			buildConfigurationList = A2FBF5DC2DE2EBA80032732D /* Build configuration list for PBXNativeTarget "WorkOutputTracker" */;
			buildPhases = (
				A2FBF5B52DE2EBA60032732D /* Sources */,
				A2FBF5B62DE2EBA60032732D /* Frameworks */,
				A2FBF5B72DE2EBA60032732D /* Resources */,
			);
			buildRules = (
			);
			dependencies = (
			);
			fileSystemSynchronizedGroups = (
				A2FBF5BB2DE2EBA60032732D /* WorkOutputTracker */,
			);
			name = WorkOutputTracker;
			packageProductDependencies = (
			);
			productName = WorkOutputTracker;
			productReference = A2FBF5B92DE2EBA60032732D /* WorkOutputTracker.app */;
			productType = "com.apple.product-type.application";
		};
		A2FBF5C72DE2EBA80032732D /* WorkOutputTrackerTests */ = {
			isa = PBXNativeTarget;
			buildConfigurationList = A2FBF5DF2DE2EBA80032732D /* Build configuration list for PBXNativeTarget "WorkOutputTrackerTests" */;
			buildPhases = (
				A2FBF5C42DE2EBA80032732D /* Sources */,
				A2FBF5C52DE2EBA80032732D /* Frameworks */,
				A2FBF5C62DE2EBA80032732D /* Resources */,
			);
			buildRules = (
			);
			dependencies = (
				A2FBF5CA2DE2EBA80032732D /* PBXTargetDependency */,
			);
			fileSystemSynchronizedGroups = (
				A2FBF5CB2DE2EBA80032732D /* WorkOutputTrackerTests */,
			);
			name = WorkOutputTrackerTests;
			packageProductDependencies = (
			);
			productName = WorkOutputTrackerTests;
			productReference = A2FBF5C82DE2EBA80032732D /* WorkOutputTrackerTests.xctest */;
			productType = "com.apple.product-type.bundle.unit-test";
		};
		A2FBF5D12DE2EBA80032732D /* WorkOutputTrackerUITests */ = {
			isa = PBXNativeTarget;
			buildConfigurationList = A2FBF5E22DE2EBA80032732D /* Build configuration list for PBXNativeTarget "WorkOutputTrackerUITests" */;
			buildPhases = (
				A2FBF5CE2DE2EBA80032732D /* Sources */,
				A2FBF5CF2DE2EBA80032732D /* Frameworks */,
				A2FBF5D02DE2EBA80032732D /* Resources */,
			);
			buildRules = (
			);
			dependencies = (
				A2FBF5D42DE2EBA80032732D /* PBXTargetDependency */,
			);
			fileSystemSynchronizedGroups = (
				A2FBF5D52DE2EBA80032732D /* WorkOutputTrackerUITests */,
			);
			name = WorkOutputTrackerUITests;
			packageProductDependencies = (
			);
			productName = WorkOutputTrackerUITests;
			productReference = A2FBF5D22DE2EBA80032732D /* WorkOutputTrackerUITests.xctest */;
			productType = "com.apple.product-type.bundle.ui-testing";
		};
/* End PBXNativeTarget section */

/* Begin PBXProject section */
		A2FBF5B12DE2EBA60032732D /* Project object */ = {
			isa = PBXProject;
			attributes = {
				BuildIndependentTargetsInParallel = 1;
				LastSwiftUpdateCheck = 1630;
				LastUpgradeCheck = 1630;
				TargetAttributes = {
					A2FBF5B82DE2EBA60032732D = {
						CreatedOnToolsVersion = 16.3;
					};
					A2FBF5C72DE2EBA80032732D = {
						CreatedOnToolsVersion = 16.3;
						TestTargetID = A2FBF5B82DE2EBA60032732D;
					};
					A2FBF5D12DE2EBA80032732D = {
						CreatedOnToolsVersion = 16.3;
						TestTargetID = A2FBF5B82DE2EBA60032732D;
					};
				};
			};
			buildConfigurationList = A2FBF5B42DE2EBA60032732D /* Build configuration list for PBXProject "WorkOutputTracker" */;
			developmentRegion = en;
			hasScannedForEncodings = 0;
			knownRegions = (
				en,
				Base,
			);
			mainGroup = A2FBF5B02DE2EBA60032732D;
			minimizedProjectReferenceProxies = 1;
			preferredProjectObjectVersion = 77;
			productRefGroup = A2FBF5BA2DE2EBA60032732D /* Products */;
			projectDirPath = "";
			projectRoot = "";
			targets = (
				A2FBF5B82DE2EBA60032732D /* WorkOutputTracker */,
				A2FBF5C72DE2EBA80032732D /* WorkOutputTrackerTests */,
				A2FBF5D12DE2EBA80032732D /* WorkOutputTrackerUITests */,
			);
		};
/* End PBXProject section */

/* Begin PBXResourcesBuildPhase section */
		A2FBF5B72DE2EBA60032732D /* Resources */ = {
			isa = PBXResourcesBuildPhase;
			buildActionMask = 2147483647;
			files = (
			);
			runOnlyForDeploymentPostprocessing = 0;
		};
		A2FBF5C62DE2EBA80032732D /* Resources */ = {
			isa = PBXResourcesBuildPhase;
			buildActionMask = 2147483647;
			files = (
			);
			runOnlyForDeploymentPostprocessing = 0;
		};
		A2FBF5D02DE2EBA80032732D /* Resources */ = {
			isa = PBXResourcesBuildPhase;
			buildActionMask = 2147483647;
			files = (
			);
			runOnlyForDeploymentPostprocessing = 0;
		};
/* End PBXResourcesBuildPhase section */

/* Begin PBXSourcesBuildPhase section */
		A2FBF5B52DE2EBA60032732D /* Sources */ = {
			isa = PBXSourcesBuildPhase;
			buildActionMask = 2147483647;
			files = (
			);
			runOnlyForDeploymentPostprocessing = 0;
		};
		A2FBF5C42DE2EBA80032732D /* Sources */ = {
			isa = PBXSourcesBuildPhase;
			buildActionMask = 2147483647;
			files = (
			);
			runOnlyForDeploymentPostprocessing = 0;
		};
		A2FBF5CE2DE2EBA80032732D /* Sources */ = {
			isa = PBXSourcesBuildPhase;
			buildActionMask = 2147483647;
			files = (
			);
			runOnlyForDeploymentPostprocessing = 0;
		};
/* End PBXSourcesBuildPhase section */

/* Begin PBXTargetDependency section */
		A2FBF5CA2DE2EBA80032732D /* PBXTargetDependency */ = {
			isa = PBXTargetDependency;
			target = A2FBF5B82DE2EBA60032732D /* WorkOutputTracker */;
			targetProxy = A2FBF5C92DE2EBA80032732D /* PBXContainerItemProxy */;
		};
		A2FBF5D42DE2EBA80032732D /* PBXTargetDependency */ = {
			isa = PBXTargetDependency;
			target = A2FBF5B82DE2EBA60032732D /* WorkOutputTracker */;
			targetProxy = A2FBF5D32DE2EBA80032732D /* PBXContainerItemProxy */;
		};
/* End PBXTargetDependency section */

/* Begin XCBuildConfiguration section */
		A2FBF5DA2DE2EBA80032732D /* Debug */ = {
			isa = XCBuildConfiguration;
			buildSettings = {
				ALWAYS_SEARCH_USER_PATHS = NO;
				ASSETCATALOG_COMPILER_GENERATE_SWIFT_ASSET_SYMBOL_EXTENSIONS = YES;
				CLANG_ANALYZER_NONNULL = YES;
				CLANG_ANALYZER_NUMBER_OBJECT_CONVERSION = YES_AGGRESSIVE;
				CLANG_CXX_LANGUAGE_STANDARD = "gnu++20";
				CLANG_ENABLE_MODULES = YES;
				CLANG_ENABLE_OBJC_ARC = YES;
				CLANG_ENABLE_OBJC_WEAK = YES;
				CLANG_WARN_BLOCK_CAPTURE_AUTORELEASING = YES;
				CLANG_WARN_BOOL_CONVERSION = YES;
				CLANG_WARN_COMMA = YES;
				CLANG_WARN_CONSTANT_CONVERSION = YES;
				CLANG_WARN_DEPRECATED_OBJC_IMPLEMENTATIONS = YES;
				CLANG_WARN_DIRECT_OBJC_ISA_USAGE = YES_ERROR;
				CLANG_WARN_DOCUMENTATION_COMMENTS = YES;
				CLANG_WARN_EMPTY_BODY = YES;
				CLANG_WARN_ENUM_CONVERSION = YES;
				CLANG_WARN_INFINITE_RECURSION = YES;
				CLANG_WARN_INT_CONVERSION = YES;
				CLANG_WARN_NON_LITERAL_NULL_CONVERSION = YES;
				CLANG_WARN_OBJC_IMPLICIT_RETAIN_SELF = YES;
				CLANG_WARN_OBJC_LITERAL_CONVERSION = YES;
				CLANG_WARN_OBJC_ROOT_CLASS = YES_ERROR;
				CLANG_WARN_QUOTED_INCLUDE_IN_FRAMEWORK_HEADER = YES;
				CLANG_WARN_RANGE_LOOP_ANALYSIS = YES;
				CLANG_WARN_STRICT_PROTOTYPES = YES;
				CLANG_WARN_SUSPICIOUS_MOVE = YES;
				CLANG_WARN_UNGUARDED_AVAILABILITY = YES_AGGRESSIVE;
				CLANG_WARN_UNREACHABLE_CODE = YES;
				CLANG_WARN__DUPLICATE_METHOD_MATCH = YES;
				COPY_PHASE_STRIP = NO;
				DEBUG_INFORMATION_FORMAT = dwarf;
				ENABLE_STRICT_OBJC_MSGSEND = YES;
				ENABLE_TESTABILITY = YES;
				ENABLE_USER_SCRIPT_SANDBOXING = YES;
				GCC_C_LANGUAGE_STANDARD = gnu17;
				GCC_DYNAMIC_NO_PIC = NO;
				GCC_NO_COMMON_BLOCKS = YES;
				GCC_OPTIMIZATION_LEVEL = 0;
				GCC_PREPROCESSOR_DEFINITIONS = (
					"DEBUG=1",
					"$(inherited)",
				);
				GCC_WARN_64_TO_32_BIT_CONVERSION = YES;
				GCC_WARN_ABOUT_RETURN_TYPE = YES_ERROR;
				GCC_WARN_UNDECLARED_SELECTOR = YES;
				GCC_WARN_UNINITIALIZED_AUTOS = YES_AGGRESSIVE;
				GCC_WARN_UNUSED_FUNCTION = YES;
				GCC_WARN_UNUSED_VARIABLE = YES;
				IPHONEOS_DEPLOYMENT_TARGET = 18.4;
				LOCALIZATION_PREFERS_STRING_CATALOGS = YES;
				MTL_ENABLE_DEBUG_INFO = INCLUDE_SOURCE;
				MTL_FAST_MATH = YES;
				ONLY_ACTIVE_ARCH = YES;
				SDKROOT = iphoneos;
				SWIFT_ACTIVE_COMPILATION_CONDITIONS = "DEBUG $(inherited)";
				SWIFT_OPTIMIZATION_LEVEL = "-Onone";
			};
			name = Debug;
		};
		A2FBF5DB2DE2EBA80032732D /* Release */ = {
			isa = XCBuildConfiguration;
			buildSettings = {
				ALWAYS_SEARCH_USER_PATHS = NO;
				ASSETCATALOG_COMPILER_GENERATE_SWIFT_ASSET_SYMBOL_EXTENSIONS = YES;
				CLANG_ANALYZER_NONNULL = YES;
				CLANG_ANALYZER_NUMBER_OBJECT_CONVERSION = YES_AGGRESSIVE;
				CLANG_CXX_LANGUAGE_STANDARD = "gnu++20";
				CLANG_ENABLE_MODULES = YES;
				CLANG_ENABLE_OBJC_ARC = YES;
				CLANG_ENABLE_OBJC_WEAK = YES;
				CLANG_WARN_BLOCK_CAPTURE_AUTORELEASING = YES;
				CLANG_WARN_BOOL_CONVERSION = YES;
				CLANG_WARN_COMMA = YES;
				CLANG_WARN_CONSTANT_CONVERSION = YES;
				CLANG_WARN_DEPRECATED_OBJC_IMPLEMENTATIONS = YES;
				CLANG_WARN_DIRECT_OBJC_ISA_USAGE = YES_ERROR;
				CLANG_WARN_DOCUMENTATION_COMMENTS = YES;
				CLANG_WARN_EMPTY_BODY = YES;
				CLANG_WARN_ENUM_CONVERSION = YES;
				CLANG_WARN_INFINITE_RECURSION = YES;
				CLANG_WARN_INT_CONVERSION = YES;
				CLANG_WARN_NON_LITERAL_NULL_CONVERSION = YES;
				CLANG_WARN_OBJC_IMPLICIT_RETAIN_SELF = YES;
				CLANG_WARN_OBJC_LITERAL_CONVERSION = YES;
				CLANG_WARN_OBJC_ROOT_CLASS = YES_ERROR;
				CLANG_WARN_QUOTED_INCLUDE_IN_FRAMEWORK_HEADER = YES;
				CLANG_WARN_RANGE_LOOP_ANALYSIS = YES;
				CLANG_WARN_STRICT_PROTOTYPES = YES;
				CLANG_WARN_SUSPICIOUS_MOVE = YES;
				CLANG_WARN_UNGUARDED_AVAILABILITY = YES_AGGRESSIVE;
				CLANG_WARN_UNREACHABLE_CODE = YES;
				CLANG_WARN__DUPLICATE_METHOD_MATCH = YES;
				COPY_PHASE_STRIP = NO;
				DEBUG_INFORMATION_FORMAT = "dwarf-with-dsym";
				ENABLE_NS_ASSERTIONS = NO;
				ENABLE_STRICT_OBJC_MSGSEND = YES;
				ENABLE_USER_SCRIPT_SANDBOXING = YES;
				GCC_C_LANGUAGE_STANDARD = gnu17;
				GCC_NO_COMMON_BLOCKS = YES;
				GCC_WARN_64_TO_32_BIT_CONVERSION = YES;
				GCC_WARN_ABOUT_RETURN_TYPE = YES_ERROR;
				GCC_WARN_UNDECLARED_SELECTOR = YES;
				GCC_WARN_UNINITIALIZED_AUTOS = YES_AGGRESSIVE;
				GCC_WARN_UNUSED_FUNCTION = YES;
				GCC_WARN_UNUSED_VARIABLE = YES;
				IPHONEOS_DEPLOYMENT_TARGET = 18.4;
				LOCALIZATION_PREFERS_STRING_CATALOGS = YES;
				MTL_ENABLE_DEBUG_INFO = NO;
				MTL_FAST_MATH = YES;
				SDKROOT = iphoneos;
				SWIFT_COMPILATION_MODE = wholemodule;
				VALIDATE_PRODUCT = YES;
			};
			name = Release;
		};
		A2FBF5DD2DE2EBA80032732D /* Debug */ = {
			isa = XCBuildConfiguration;
			buildSettings = {
				ASSETCATALOG_COMPILER_APPICON_NAME = AppIcon;
				ASSETCATALOG_COMPILER_GLOBAL_ACCENT_COLOR_NAME = AccentColor;
				CODE_SIGN_STYLE = Automatic;
				CURRENT_PROJECT_VERSION = 1;
				DEVELOPMENT_TEAM = 3LTBVWHQ32;
				ENABLE_PREVIEWS = YES;
				GENERATE_INFOPLIST_FILE = YES;
				INFOPLIST_KEY_UIApplicationSceneManifest_Generation = YES;
				INFOPLIST_KEY_UIApplicationSupportsIndirectInputEvents = YES;
				INFOPLIST_KEY_UILaunchScreen_Generation = YES;
				INFOPLIST_KEY_UISupportedInterfaceOrientations_iPad = "UIInterfaceOrientationPortrait UIInterfaceOrientationPortraitUpsideDown UIInterfaceOrientationLandscapeLeft UIInterfaceOrientationLandscapeRight";
				INFOPLIST_KEY_UISupportedInterfaceOrientations_iPhone = "UIInterfaceOrientationPortrait UIInterfaceOrientationLandscapeLeft UIInterfaceOrientationLandscapeRight";
				LD_RUNPATH_SEARCH_PATHS = (
					"$(inherited)",
					"@executable_path/Frameworks",
				);
				MARKETING_VERSION = 1.0;
				PRODUCT_BUNDLE_IDENTIFIER = com.rfitz33.WorkOutputTracker;
				PRODUCT_NAME = "$(TARGET_NAME)";
				SWIFT_EMIT_LOC_STRINGS = YES;
				SWIFT_VERSION = 5.0;
				TARGETED_DEVICE_FAMILY = "1,2";
			};
			name = Debug;
		};
		A2FBF5DE2DE2EBA80032732D /* Release */ = {
			isa = XCBuildConfiguration;
			buildSettings = {
				ASSETCATALOG_COMPILER_APPICON_NAME = AppIcon;
				ASSETCATALOG_COMPILER_GLOBAL_ACCENT_COLOR_NAME = AccentColor;
				CODE_SIGN_STYLE = Automatic;
				CURRENT_PROJECT_VERSION = 1;
				DEVELOPMENT_TEAM = 3LTBVWHQ32;
				ENABLE_PREVIEWS = YES;
				GENERATE_INFOPLIST_FILE = YES;
				INFOPLIST_KEY_UIApplicationSceneManifest_Generation = YES;
				INFOPLIST_KEY_UIApplicationSupportsIndirectInputEvents = YES;
				INFOPLIST_KEY_UILaunchScreen_Generation = YES;
				INFOPLIST_KEY_UISupportedInterfaceOrientations_iPad = "UIInterfaceOrientationPortrait UIInterfaceOrientationPortraitUpsideDown UIInterfaceOrientationLandscapeLeft UIInterfaceOrientationLandscapeRight";
				INFOPLIST_KEY_UISupportedInterfaceOrientations_iPhone = "UIInterfaceOrientationPortrait UIInterfaceOrientationLandscapeLeft UIInterfaceOrientationLandscapeRight";
				LD_RUNPATH_SEARCH_PATHS = (
					"$(inherited)",
					"@executable_path/Frameworks",
				);
				MARKETING_VERSION = 1.0;
				PRODUCT_BUNDLE_IDENTIFIER = com.rfitz33.WorkOutputTracker;
				PRODUCT_NAME = "$(TARGET_NAME)";
				SWIFT_EMIT_LOC_STRINGS = YES;
				SWIFT_VERSION = 5.0;
				TARGETED_DEVICE_FAMILY = "1,2";
			};
			name = Release;
		};
		A2FBF5E02DE2EBA80032732D /* Debug */ = {
			isa = XCBuildConfiguration;
			buildSettings = {
				BUNDLE_LOADER = "$(TEST_HOST)";
				CODE_SIGN_STYLE = Automatic;
				CURRENT_PROJECT_VERSION = 1;
				GENERATE_INFOPLIST_FILE = YES;
				IPHONEOS_DEPLOYMENT_TARGET = 18.4;
				MARKETING_VERSION = 1.0;
				PRODUCT_BUNDLE_IDENTIFIER = com.rfitz33.WorkOutputTrackerTests;
				PRODUCT_NAME = "$(TARGET_NAME)";
				SWIFT_EMIT_LOC_STRINGS = NO;
				SWIFT_VERSION = 5.0;
				TARGETED_DEVICE_FAMILY = "1,2";
				TEST_HOST = "$(BUILT_PRODUCTS_DIR)/WorkOutputTracker.app/$(BUNDLE_EXECUTABLE_FOLDER_PATH)/WorkOutputTracker";
			};
			name = Debug;
		};
		A2FBF5E12DE2EBA80032732D /* Release */ = {
			isa = XCBuildConfiguration;
			buildSettings = {
				BUNDLE_LOADER = "$(TEST_HOST)";
				CODE_SIGN_STYLE = Automatic;
				CURRENT_PROJECT_VERSION = 1;
				GENERATE_INFOPLIST_FILE = YES;
				IPHONEOS_DEPLOYMENT_TARGET = 18.4;
				MARKETING_VERSION = 1.0;
				PRODUCT_BUNDLE_IDENTIFIER = com.rfitz33.WorkOutputTrackerTests;
				PRODUCT_NAME = "$(TARGET_NAME)";
				SWIFT_EMIT_LOC_STRINGS = NO;
				SWIFT_VERSION = 5.0;
				TARGETED_DEVICE_FAMILY = "1,2";
				TEST_HOST = "$(BUILT_PRODUCTS_DIR)/WorkOutputTracker.app/$(BUNDLE_EXECUTABLE_FOLDER_PATH)/WorkOutputTracker";
			};
			name = Release;
		};
		A2FBF5E32DE2EBA80032732D /* Debug */ = {
			isa = XCBuildConfiguration;
			buildSettings = {
				CODE_SIGN_STYLE = Automatic;
				CURRENT_PROJECT_VERSION = 1;
				GENERATE_INFOPLIST_FILE = YES;
				MARKETING_VERSION = 1.0;
				PRODUCT_BUNDLE_IDENTIFIER = com.rfitz33.WorkOutputTrackerUITests;
				PRODUCT_NAME = "$(TARGET_NAME)";
				SWIFT_EMIT_LOC_STRINGS = NO;
				SWIFT_VERSION = 5.0;
				TARGETED_DEVICE_FAMILY = "1,2";
				TEST_TARGET_NAME = WorkOutputTracker;
			};
			name = Debug;
		};
		A2FBF5E42DE2EBA80032732D /* Release */ = {
			isa = XCBuildConfiguration;
			buildSettings = {
				CODE_SIGN_STYLE = Automatic;
				CURRENT_PROJECT_VERSION = 1;
				GENERATE_INFOPLIST_FILE = YES;
				MARKETING_VERSION = 1.0;
				PRODUCT_BUNDLE_IDENTIFIER = com.rfitz33.WorkOutputTrackerUITests;
				PRODUCT_NAME = "$(TARGET_NAME)";
				SWIFT_EMIT_LOC_STRINGS = NO;
				SWIFT_VERSION = 5.0;
				TARGETED_DEVICE_FAMILY = "1,2";
				TEST_TARGET_NAME = WorkOutputTracker;
			};
			name = Release;
		};
/* End XCBuildConfiguration section */

/* Begin XCConfigurationList section */
		A2FBF5B42DE2EBA60032732D /* Build configuration list for PBXProject "WorkOutputTracker" */ = {
			isa = XCConfigurationList;
			buildConfigurations = (
				A2FBF5DA2DE2EBA80032732D /* Debug */,
				A2FBF5DB2DE2EBA80032732D /* Release */,
			);
			defaultConfigurationIsVisible = 0;
			defaultConfigurationName = Release;
		};
		A2FBF5DC2DE2EBA80032732D /* Build configuration list for PBXNativeTarget "WorkOutputTracker" */ = {
			isa = XCConfigurationList;
			buildConfigurations = (
				A2FBF5DD2DE2EBA80032732D /* Debug */,
				A2FBF5DE2DE2EBA80032732D /* Release */,
			);
			defaultConfigurationIsVisible = 0;
			defaultConfigurationName = Release;
		};
		A2FBF5DF2DE2EBA80032732D /* Build configuration list for PBXNativeTarget "WorkOutputTrackerTests" */ = {
			isa = XCConfigurationList;
			buildConfigurations = (
				A2FBF5E02DE2EBA80032732D /* Debug */,
				A2FBF5E12DE2EBA80032732D /* Release */,
			);
			defaultConfigurationIsVisible = 0;
			defaultConfigurationName = Release;
		};
		A2FBF5E22DE2EBA80032732D /* Build configuration list for PBXNativeTarget "WorkOutputTrackerUITests" */ = {
			isa = XCConfigurationList;
			buildConfigurations = (
				A2FBF5E32DE2EBA80032732D /* Debug */,
				A2FBF5E42DE2EBA80032732D /* Release */,
			);
			defaultConfigurationIsVisible = 0;
			defaultConfigurationName = Release;
		};
/* End XCConfigurationList section */
	};
	rootObject = A2FBF5B12DE2EBA60032732D /* Project object */;
}
